
Microsoft Visual Studio Solution File, Format Version 12.00
# Visual Studio 2013
VisualStudioVersion = 12.0.31101.0
MinimumVisualStudioVersion = 10.0.40219.1
Project("{FAE04EC0-301F-11D3-BF4B-00C04F79EFBC}") = "ISS8.ODataBackend", "ODataBackend/ISS8.ODataBackend.csproj", "{E40FFBE8-C6BE-409F-9547-30215B8C5F62}"
EndProject
Project("{FAE04EC0-301F-11D3-BF4B-00C04F79EFBC}") = "ISS8.Objects", "Objects/ISS8.Objects.csproj", "{066E95C6-3282-452A-BCDA-DF33BE017D48}"
EndProject
Global
	GlobalSection(SolutionConfigurationPlatforms) = preSolution
Debug|Any CPU = Debug|Any CPU
Release|Any CPU = Release|Any CPU
	EndGlobalSection
	GlobalSection(ProjectConfigurationPlatforms) = postSolution
		{E40FFBE8-C6BE-409F-9547-30215B8C5F62}.Debug|Any CPU.ActiveCfg = Debug|Any CPU
		{E40FFBE8-C6BE-409F-9547-30215B8C5F62}.Debug|Any CPU.Build.0 = Debug|Any CPU
		{E40FFBE8-C6BE-409F-9547-30215B8C5F62}.Release|Any CPU.ActiveCfg = Release|Any CPU
		{E40FFBE8-C6BE-409F-9547-30215B8C5F62}.Release|Any CPU.Build.0 = Release|Any CPU
		{066E95C6-3282-452A-BCDA-DF33BE017D48}.Debug|Any CPU.ActiveCfg = Debug|Any CPU
		{066E95C6-3282-452A-BCDA-DF33BE017D48}.Debug|Any CPU.Build.0 = Debug|Any CPU
		{066E95C6-3282-452A-BCDA-DF33BE017D48}.Release|Any CPU.ActiveCfg = Release|Any CPU
		{066E95C6-3282-452A-BCDA-DF33BE017D48}.Release|Any CPU.Build.0 = Release|Any CPU
	EndGlobalSection
	GlobalSection(SolutionProperties) = preSolution
		HideSolutionNode = FALSE
	EndGlobalSection
EndGlobal
